
Microsoft Visual Studio Solution File, Format Version 12.00
# Visual Studio Version 17
VisualStudioVersion = 17.13.35818.85 d17.13
MinimumVisualStudioVersion = 10.0.40219.1
Project("{FAE04EC0-301F-11D3-BF4B-00C04F79EFBC}") = "SistemaReservas.IU", "SistemaReservas.IU\SistemaReservas.IU.csproj", "{2CBC57F5-3842-412A-8446-D92586604621}"
EndProject
Global
	GlobalSection(SolutionConfigurationPlatforms) = preSolution
		Debug|Any CPU = Debug|Any CPU
		Release|Any CPU = Release|Any CPU
	EndGlobalSection
	GlobalSection(ProjectConfigurationPlatforms) = postSolution
		{2CBC57F5-3842-412A-8446-D92586604621}.Debug|Any CPU.ActiveCfg = Debug|Any CPU
		{2CBC57F5-3842-412A-8446-D92586604621}.Debug|Any CPU.Build.0 = Debug|Any CPU
		{2CBC57F5-3842-412A-8446-D92586604621}.Release|Any CPU.ActiveCfg = Release|Any CPU
		{2CBC57F5-3842-412A-8446-D92586604621}.Release|Any CPU.Build.0 = Release|Any CPU
	EndGlobalSection
	GlobalSection(SolutionProperties) = preSolution
		HideSolutionNode = FALSE
	EndGlobalSection
	GlobalSection(ExtensibilityGlobals) = postSolution
		SolutionGuid = {FB8AD562-D463-49CB-87B3-2E518C87B181}
	EndGlobalSection
EndGlobal
